
Microsoft Visual Studio Solution File, Format Version 12.00
# Visual Studio 14
VisualStudioVersion = 14.0.25420.1
MinimumVisualStudioVersion = 10.0.40219.1
Project("{FAE04EC0-301F-11D3-BF4B-00C04F79EFBC}") = "PoC.KatanaSelfHost", "PoC.KatanaSelfHost\PoC.KatanaSelfHost.csproj", "{9ADA183B-ED15-4743-98AE-EA1CE6D6C9D9}"
EndProject
Project("{FAE04EC0-301F-11D3-BF4B-00C04F79EFBC}") = "PoC.SimpleMiddleware", "PoC.SimpleMiddleware\PoC.SimpleMiddleware.csproj", "{1AA30FC0-C8EF-4161-A768-70F3E4F19AEE}"
EndProject
Project("{FAE04EC0-301F-11D3-BF4B-00C04F79EFBC}") = "PoC.SimpleOwinMiddleware", "PoC.SimpleOwinMiddleware\PoC.SimpleOwinMiddleware.csproj", "{5C8488A5-1E89-4A14-8361-BDBCC960E8EA}"
EndProject
Global
	GlobalSection(SolutionConfigurationPlatforms) = preSolution
		Debug|Any CPU = Debug|Any CPU
		Release|Any CPU = Release|Any CPU
	EndGlobalSection
	GlobalSection(ProjectConfigurationPlatforms) = postSolution
		{9ADA183B-ED15-4743-98AE-EA1CE6D6C9D9}.Debug|Any CPU.ActiveCfg = Debug|Any CPU
		{9ADA183B-ED15-4743-98AE-EA1CE6D6C9D9}.Debug|Any CPU.Build.0 = Debug|Any CPU
		{9ADA183B-ED15-4743-98AE-EA1CE6D6C9D9}.Release|Any CPU.ActiveCfg = Release|Any CPU
		{9ADA183B-ED15-4743-98AE-EA1CE6D6C9D9}.Release|Any CPU.Build.0 = Release|Any CPU
		{1AA30FC0-C8EF-4161-A768-70F3E4F19AEE}.Debug|Any CPU.ActiveCfg = Debug|Any CPU
		{1AA30FC0-C8EF-4161-A768-70F3E4F19AEE}.Debug|Any CPU.Build.0 = Debug|Any CPU
		{1AA30FC0-C8EF-4161-A768-70F3E4F19AEE}.Release|Any CPU.ActiveCfg = Release|Any CPU
		{1AA30FC0-C8EF-4161-A768-70F3E4F19AEE}.Release|Any CPU.Build.0 = Release|Any CPU
		{5C8488A5-1E89-4A14-8361-BDBCC960E8EA}.Debug|Any CPU.ActiveCfg = Debug|Any CPU
		{5C8488A5-1E89-4A14-8361-BDBCC960E8EA}.Debug|Any CPU.Build.0 = Debug|Any CPU
		{5C8488A5-1E89-4A14-8361-BDBCC960E8EA}.Release|Any CPU.ActiveCfg = Release|Any CPU
		{5C8488A5-1E89-4A14-8361-BDBCC960E8EA}.Release|Any CPU.Build.0 = Release|Any CPU
	EndGlobalSection
	GlobalSection(SolutionProperties) = preSolution
		HideSolutionNode = FALSE
	EndGlobalSection
EndGlobal
